
Microsoft Visual Studio Solution File, Format Version 12.00
# Visual Studio Version 16
VisualStudioVersion = 16.0.30907.101
MinimumVisualStudioVersion = 10.0.40219.1
Project("{8BC9CEB8-8B4A-11D0-8D11-00A0C91BC942}") = "Sandbox", "Sandbox\Sandbox.vcxproj", "{5C6D57D0-4B4E-40C3-AB50-492C78B8B152}"
EndProject
Project("{FAE04EC0-301F-11D3-BF4B-00C04F79EFBC}") = "Sandbox Launcher", "Sandbox Launcher\Sandbox Launcher.csproj", "{17768745-0129-47A4-ABEC-F1C565A9EF28}"
EndProject
Global
	GlobalSection(SolutionConfigurationPlatforms) = preSolution
		Debug|Any CPU = Debug|Any CPU
		Debug|x64 = Debug|x64
		Debug|x86 = Debug|x86
		Release|Any CPU = Release|Any CPU
		Release|x64 = Release|x64
		Release|x86 = Release|x86
	EndGlobalSection
	GlobalSection(ProjectConfigurationPlatforms) = postSolution
		{5C6D57D0-4B4E-40C3-AB50-492C78B8B152}.Debug|Any CPU.ActiveCfg = Debug|Win32
		{5C6D57D0-4B4E-40C3-AB50-492C78B8B152}.Debug|x64.ActiveCfg = Debug|x64
		{5C6D57D0-4B4E-40C3-AB50-492C78B8B152}.Debug|x64.Build.0 = Debug|x64
		{5C6D57D0-4B4E-40C3-AB50-492C78B8B152}.Debug|x86.ActiveCfg = Debug|Win32
		{5C6D57D0-4B4E-40C3-AB50-492C78B8B152}.Debug|x86.Build.0 = Debug|Win32
		{5C6D57D0-4B4E-40C3-AB50-492C78B8B152}.Release|Any CPU.ActiveCfg = Release|Win32
		{5C6D57D0-4B4E-40C3-AB50-492C78B8B152}.Release|x64.ActiveCfg = Release|x64
		{5C6D57D0-4B4E-40C3-AB50-492C78B8B152}.Release|x64.Build.0 = Release|x64
		{5C6D57D0-4B4E-40C3-AB50-492C78B8B152}.Release|x86.ActiveCfg = Release|Win32
		{5C6D57D0-4B4E-40C3-AB50-492C78B8B152}.Release|x86.Build.0 = Release|Win32
		{17768745-0129-47A4-ABEC-F1C565A9EF28}.Debug|Any CPU.ActiveCfg = Debug|Any CPU
		{17768745-0129-47A4-ABEC-F1C565A9EF28}.Debug|Any CPU.Build.0 = Debug|Any CPU
		{17768745-0129-47A4-ABEC-F1C565A9EF28}.Debug|x64.ActiveCfg = Debug|Any CPU
		{17768745-0129-47A4-ABEC-F1C565A9EF28}.Debug|x64.Build.0 = Debug|Any CPU
		{17768745-0129-47A4-ABEC-F1C565A9EF28}.Debug|x86.ActiveCfg = Debug|Any CPU
		{17768745-0129-47A4-ABEC-F1C565A9EF28}.Debug|x86.Build.0 = Debug|Any CPU
		{17768745-0129-47A4-ABEC-F1C565A9EF28}.Release|Any CPU.ActiveCfg = Release|Any CPU
		{17768745-0129-47A4-ABEC-F1C565A9EF28}.Release|Any CPU.Build.0 = Release|Any CPU
		{17768745-0129-47A4-ABEC-F1C565A9EF28}.Release|x64.ActiveCfg = Release|Any CPU
		{17768745-0129-47A4-ABEC-F1C565A9EF28}.Release|x64.Build.0 = Release|Any CPU
		{17768745-0129-47A4-ABEC-F1C565A9EF28}.Release|x86.ActiveCfg = Release|Any CPU
		{17768745-0129-47A4-ABEC-F1C565A9EF28}.Release|x86.Build.0 = Release|Any CPU
	EndGlobalSection
	GlobalSection(SolutionProperties) = preSolution
		HideSolutionNode = FALSE
	EndGlobalSection
	GlobalSection(ExtensibilityGlobals) = postSolution
		SolutionGuid = {4137AA97-D3A4-43C3-AE36-9C8EB48482AB}
	EndGlobalSection
EndGlobal
